// !$*UTF8*$!
{
	archiveVersion = 1;
	classes = {
	};
	objectVersion = 50;
	objects = {

/* Begin PBXFileReference section */
		920FE18522CCE276004F938A /* stocks.py */ = {isa = PBXFileReference; lastKnownFileType = text.script.python; path = stocks.py; sourceTree = "<group>"; };
		9292BC0122CCF12A006DA1BA /* README.md */ = {isa = PBXFileReference; lastKnownFileType = net.daringfireball.markdown; path = README.md; sourceTree = "<group>"; };
		9292BC0322CCF54F006DA1BA /* nasdaq.sql */ = {isa = PBXFileReference; lastKnownFileType = text; path = nasdaq.sql; sourceTree = "<group>"; };
/* End PBXFileReference section */

/* Begin PBXGroup section */
		920FE17E22CCE258004F938A = {
			isa = PBXGroup;
			children = (
				9292BC0322CCF54F006DA1BA /* nasdaq.sql */,
				920FE18522CCE276004F938A /* stocks.py */,
				9292BC0122CCF12A006DA1BA /* README.md */,
			);
			sourceTree = "<group>";
		};
/* End PBXGroup section */

/* Begin PBXProject section */
		920FE17F22CCE258004F938A /* Project object */ = {
			isa = PBXProject;
			attributes = {
				LastUpgradeCheck = 1010;
			};
			buildConfigurationList = 920FE18222CCE259004F938A /* Build configuration list for PBXProject "StockpitV2" */;
			compatibilityVersion = "Xcode 9.3";
			developmentRegion = en;
			hasScannedForEncodings = 0;
			knownRegions = (
				en,
			);
			mainGroup = 920FE17E22CCE258004F938A;
			projectDirPath = "";
			projectRoot = "";
			targets = (
			);
		};
/* End PBXProject section */

/* Begin XCBuildConfiguration section */
		920FE18322CCE259004F938A /* Debug */ = {
			isa = XCBuildConfiguration;
			buildSettings = {
			};
			name = Debug;
		};
		920FE18422CCE259004F938A /* Release */ = {
			isa = XCBuildConfiguration;
			buildSettings = {
			};
			name = Release;
		};
/* End XCBuildConfiguration section */

/* Begin XCConfigurationList section */
		920FE18222CCE259004F938A /* Build configuration list for PBXProject "StockpitV2" */ = {
			isa = XCConfigurationList;
			buildConfigurations = (
				920FE18322CCE259004F938A /* Debug */,
				920FE18422CCE259004F938A /* Release */,
			);
			defaultConfigurationIsVisible = 0;
			defaultConfigurationName = Release;
		};
/* End XCConfigurationList section */
	};
	rootObject = 920FE17F22CCE258004F938A /* Project object */;
}
